
Microsoft Visual Studio Solution File, Format Version 12.00
# Visual Studio Version 17
VisualStudioVersion = 17.7.34003.232
MinimumVisualStudioVersion = 10.0.40219.1
Project("{FAE04EC0-301F-11D3-BF4B-00C04F79EFBC}") = "BlazorApp5.Server", "BlazorApp5\Server\BlazorApp5.Server.csproj", "{14FD695E-2341-413C-B07E-89429FAF8062}"
EndProject
Project("{FAE04EC0-301F-11D3-BF4B-00C04F79EFBC}") = "BlazorApp5.Client", "BlazorApp5\Client\BlazorApp5.Client.csproj", "{EAD9D6BA-3954-45B8-B47F-E565059ABE1F}"
EndProject
Project("{FAE04EC0-301F-11D3-BF4B-00C04F79EFBC}") = "BlazorApp5.Shared", "BlazorApp5\Shared\BlazorApp5.Shared.csproj", "{0F174882-2DD2-441E-AE63-B77D15989D76}"
EndProject
Global
	GlobalSection(SolutionConfigurationPlatforms) = preSolution
		Debug|Any CPU = Debug|Any CPU
		Release|Any CPU = Release|Any CPU
	EndGlobalSection
	GlobalSection(ProjectConfigurationPlatforms) = postSolution
		{14FD695E-2341-413C-B07E-89429FAF8062}.Debug|Any CPU.ActiveCfg = Debug|Any CPU
		{14FD695E-2341-413C-B07E-89429FAF8062}.Debug|Any CPU.Build.0 = Debug|Any CPU
		{14FD695E-2341-413C-B07E-89429FAF8062}.Release|Any CPU.ActiveCfg = Release|Any CPU
		{14FD695E-2341-413C-B07E-89429FAF8062}.Release|Any CPU.Build.0 = Release|Any CPU
		{EAD9D6BA-3954-45B8-B47F-E565059ABE1F}.Debug|Any CPU.ActiveCfg = Debug|Any CPU
		{EAD9D6BA-3954-45B8-B47F-E565059ABE1F}.Debug|Any CPU.Build.0 = Debug|Any CPU
		{EAD9D6BA-3954-45B8-B47F-E565059ABE1F}.Release|Any CPU.ActiveCfg = Release|Any CPU
		{EAD9D6BA-3954-45B8-B47F-E565059ABE1F}.Release|Any CPU.Build.0 = Release|Any CPU
		{0F174882-2DD2-441E-AE63-B77D15989D76}.Debug|Any CPU.ActiveCfg = Debug|Any CPU
		{0F174882-2DD2-441E-AE63-B77D15989D76}.Debug|Any CPU.Build.0 = Debug|Any CPU
		{0F174882-2DD2-441E-AE63-B77D15989D76}.Release|Any CPU.ActiveCfg = Release|Any CPU
		{0F174882-2DD2-441E-AE63-B77D15989D76}.Release|Any CPU.Build.0 = Release|Any CPU
	EndGlobalSection
	GlobalSection(SolutionProperties) = preSolution
		HideSolutionNode = FALSE
	EndGlobalSection
	GlobalSection(ExtensibilityGlobals) = postSolution
		SolutionGuid = {40976B51-0522-4A91-AC15-04A06FD17628}
	EndGlobalSection
EndGlobal
